
Microsoft Visual Studio Solution File, Format Version 12.00
# Visual Studio 15
VisualStudioVersion = 15.0.27703.2000
MinimumVisualStudioVersion = 10.0.40219.1
Project("{FAE04EC0-301F-11D3-BF4B-00C04F79EFBC}") = "ConsoleAppDemo", "ConsoleAppDemo\ConsoleAppDemo.csproj", "{E5620948-E072-40BF-9EAD-E36B4517400A}"
EndProject
Global
	GlobalSection(SolutionConfigurationPlatforms) = preSolution
		Debug|Any CPU = Debug|Any CPU
		Release|Any CPU = Release|Any CPU
	EndGlobalSection
	GlobalSection(ProjectConfigurationPlatforms) = postSolution
		{E5620948-E072-40BF-9EAD-E36B4517400A}.Debug|Any CPU.ActiveCfg = Debug|Any CPU
		{E5620948-E072-40BF-9EAD-E36B4517400A}.Debug|Any CPU.Build.0 = Debug|Any CPU
		{E5620948-E072-40BF-9EAD-E36B4517400A}.Release|Any CPU.ActiveCfg = Release|Any CPU
		{E5620948-E072-40BF-9EAD-E36B4517400A}.Release|Any CPU.Build.0 = Release|Any CPU
	EndGlobalSection
	GlobalSection(SolutionProperties) = preSolution
		HideSolutionNode = FALSE
	EndGlobalSection
	GlobalSection(ExtensibilityGlobals) = postSolution
		SolutionGuid = {6879405E-7A7C-497D-8CA9-DC7046F639AB}
	EndGlobalSection
EndGlobal
